# This file is @generated by PDM.
# It is not intended for manual editing.

[metadata]
groups = ["default"]
strategy = ["cross_platform", "inherit_metadata"]
lock_version = "4.4.1"
content_hash = "sha256:7c45e3577276ed28ff3886d55b60b3c40a6b54119c038e5316e9c1a45261898d"

[[package]]
name = "aiosmtpd"
version = "1.4.6"
requires_python = ">=3.8"
summary = "aiosmtpd - asyncio based SMTP server"
groups = ["default"]
dependencies = [
    "atpublic",
    "attrs",
]
files = [
    {file = "aiosmtpd-1.4.6-py3-none-any.whl", hash = "sha256:72c99179ba5aa9ae0abbda6994668239b64a5ce054471955fe75f581d2592475"},
    {file = "aiosmtpd-1.4.6.tar.gz", hash = "sha256:5a811826e1a5a06c25ebc3e6c4a704613eb9a1bcf6b78428fbe865f4f6c9a4b8"},
]

[[package]]
name = "atpublic"
version = "4.1.0"
requires_python = ">=3.8"
summary = "Keep all y'all's __all__'s in sync"
groups = ["default"]
files = [
    {file = "atpublic-4.1.0-py3-none-any.whl", hash = "sha256:df90de1162b1a941ee486f484691dc7c33123ee638ea5d6ca604061306e0fdde"},
    {file = "atpublic-4.1.0.tar.gz", hash = "sha256:d1c8cd931af7461f6d18bc6063383e8654d9e9ef19d58ee6dc01e8515bbf55df"},
]

[[package]]
name = "attrs"
version = "23.2.0"
requires_python = ">=3.7"
summary = "Classes Without Boilerplate"
groups = ["default"]
files = [
    {file = "attrs-23.2.0-py3-none-any.whl", hash = "sha256:99b87a485a5820b23b879f04c2305b44b951b502fd64be915879d77a7e8fc6f1"},
    {file = "attrs-23.2.0.tar.gz", hash = "sha256:935dc3b529c262f6cf76e50877d35a4bd3c1de194fd41f47a2b7ae8f19971f30"},
]
